
Microsoft Visual Studio Solution File, Format Version 12.00
# Visual Studio Version 16
VisualStudioVersion = 16.0.30517.126
MinimumVisualStudioVersion = 10.0.40219.1
Project("{FAE04EC0-301F-11D3-BF4B-00C04F79EFBC}") = "ControlFlow", "ControlFlow\ControlFlow.csproj", "{47ADC8FF-626B-4926-92C9-C5416CC645D4}"
EndProject
Project("{FAE04EC0-301F-11D3-BF4B-00C04F79EFBC}") = "WhenWereYouBorn", "WhenWereYouBorn\WhenWereYouBorn.csproj", "{EF08FB63-09FF-4A83-BD48-AA6EA1C55772}"
EndProject
Project("{FAE04EC0-301F-11D3-BF4B-00C04F79EFBC}") = "DrivingLicense", "DrivingLicense\DrivingLicense.csproj", "{E8EB5C4F-D210-4E93-A222-332BA3015545}"
EndProject
Global
	GlobalSection(SolutionConfigurationPlatforms) = preSolution
		Debug|Any CPU = Debug|Any CPU
		Release|Any CPU = Release|Any CPU
	EndGlobalSection
	GlobalSection(ProjectConfigurationPlatforms) = postSolution
		{47ADC8FF-626B-4926-92C9-C5416CC645D4}.Debug|Any CPU.ActiveCfg = Debug|Any CPU
		{47ADC8FF-626B-4926-92C9-C5416CC645D4}.Debug|Any CPU.Build.0 = Debug|Any CPU
		{47ADC8FF-626B-4926-92C9-C5416CC645D4}.Release|Any CPU.ActiveCfg = Release|Any CPU
		{47ADC8FF-626B-4926-92C9-C5416CC645D4}.Release|Any CPU.Build.0 = Release|Any CPU
		{EF08FB63-09FF-4A83-BD48-AA6EA1C55772}.Debug|Any CPU.ActiveCfg = Debug|Any CPU
		{EF08FB63-09FF-4A83-BD48-AA6EA1C55772}.Debug|Any CPU.Build.0 = Debug|Any CPU
		{EF08FB63-09FF-4A83-BD48-AA6EA1C55772}.Release|Any CPU.ActiveCfg = Release|Any CPU
		{EF08FB63-09FF-4A83-BD48-AA6EA1C55772}.Release|Any CPU.Build.0 = Release|Any CPU
		{E8EB5C4F-D210-4E93-A222-332BA3015545}.Debug|Any CPU.ActiveCfg = Debug|Any CPU
		{E8EB5C4F-D210-4E93-A222-332BA3015545}.Debug|Any CPU.Build.0 = Debug|Any CPU
		{E8EB5C4F-D210-4E93-A222-332BA3015545}.Release|Any CPU.ActiveCfg = Release|Any CPU
		{E8EB5C4F-D210-4E93-A222-332BA3015545}.Release|Any CPU.Build.0 = Release|Any CPU
	EndGlobalSection
	GlobalSection(SolutionProperties) = preSolution
		HideSolutionNode = FALSE
	EndGlobalSection
	GlobalSection(ExtensibilityGlobals) = postSolution
		SolutionGuid = {880E613B-C7C1-4D1D-9420-155CB59C4B8F}
	EndGlobalSection
EndGlobal
